
Microsoft Visual Studio Solution File, Format Version 12.00
# Visual Studio Version 17
VisualStudioVersion = 17.4.33110.190
MinimumVisualStudioVersion = 10.0.40219.1
Project("{9A19103F-16F7-4668-BE54-9A1E7A4F7556}") = "OneRingAPI", "OneRingAPI\OneRingAPI.csproj", "{5597F240-7C94-455F-BAC3-D709D13D8A09}"
EndProject
Project("{FAE04EC0-301F-11D3-BF4B-00C04F79EFBC}") = "OneRingRazor", "OneRingRazor\OneRingRazor.csproj", "{F6D2CF6F-28D9-4D51-9180-44F050BEA5CC}"
EndProject
Global
	GlobalSection(SolutionConfigurationPlatforms) = preSolution
		Debug|Any CPU = Debug|Any CPU
		Release|Any CPU = Release|Any CPU
	EndGlobalSection
	GlobalSection(ProjectConfigurationPlatforms) = postSolution
		{5597F240-7C94-455F-BAC3-D709D13D8A09}.Debug|Any CPU.ActiveCfg = Debug|Any CPU
		{5597F240-7C94-455F-BAC3-D709D13D8A09}.Debug|Any CPU.Build.0 = Debug|Any CPU
		{5597F240-7C94-455F-BAC3-D709D13D8A09}.Release|Any CPU.ActiveCfg = Release|Any CPU
		{5597F240-7C94-455F-BAC3-D709D13D8A09}.Release|Any CPU.Build.0 = Release|Any CPU
		{F6D2CF6F-28D9-4D51-9180-44F050BEA5CC}.Debug|Any CPU.ActiveCfg = Debug|Any CPU
		{F6D2CF6F-28D9-4D51-9180-44F050BEA5CC}.Debug|Any CPU.Build.0 = Debug|Any CPU
		{F6D2CF6F-28D9-4D51-9180-44F050BEA5CC}.Release|Any CPU.ActiveCfg = Release|Any CPU
		{F6D2CF6F-28D9-4D51-9180-44F050BEA5CC}.Release|Any CPU.Build.0 = Release|Any CPU
	EndGlobalSection
	GlobalSection(SolutionProperties) = preSolution
		HideSolutionNode = FALSE
	EndGlobalSection
	GlobalSection(ExtensibilityGlobals) = postSolution
		SolutionGuid = {820AB5B7-4325-43EF-B9AC-82950214DC96}
	EndGlobalSection
EndGlobal
